
Microsoft Visual Studio Solution File, Format Version 12.00
# Visual Studio Version 17
VisualStudioVersion = 17.9.34728.123
MinimumVisualStudioVersion = 10.0.40219.1
Project("{FAE04EC0-301F-11D3-BF4B-00C04F79EFBC}") = "Veeho.API", "Veeho.API\Veeho.API.csproj", "{7A20F5A2-B521-49CC-B4D1-E99774775030}"
EndProject
Project("{FAE04EC0-301F-11D3-BF4B-00C04F79EFBC}") = "Veeho.Application", "Veeho.Application\Veeho.Application.csproj", "{439CAAE8-37D0-4CEC-B3F7-DE69BA9D6DD4}"
EndProject
Project("{FAE04EC0-301F-11D3-BF4B-00C04F79EFBC}") = "Veeho.Domain", "Veeho.Domain\Veeho.Domain.csproj", "{4BE5AF64-09C5-4F01-A932-593B585811F8}"
EndProject
Project("{FAE04EC0-301F-11D3-BF4B-00C04F79EFBC}") = "Veeho.Infrastructure", "Veeho.Infrastructure\Veeho.Infrastructure.csproj", "{DCC9FC0B-B648-4D88-A7F0-3F02E949480F}"
EndProject
Project("{FAE04EC0-301F-11D3-BF4B-00C04F79EFBC}") = "Veeho.Persistence", "Veeho.Persistence\Veeho.Persistence.csproj", "{A028BC08-801D-4DF9-8A44-0C7B179A92B3}"
EndProject
Project("{FAE04EC0-301F-11D3-BF4B-00C04F79EFBC}") = "Veeho.Tests", "Veeho.Tests\Veeho.Tests.csproj", "{30589A82-A4B1-47BC-9A66-A955FD773C5E}"
EndProject
Global
	GlobalSection(SolutionConfigurationPlatforms) = preSolution
		Debug|Any CPU = Debug|Any CPU
		Release|Any CPU = Release|Any CPU
	EndGlobalSection
	GlobalSection(ProjectConfigurationPlatforms) = postSolution
		{7A20F5A2-B521-49CC-B4D1-E99774775030}.Debug|Any CPU.ActiveCfg = Debug|Any CPU
		{7A20F5A2-B521-49CC-B4D1-E99774775030}.Debug|Any CPU.Build.0 = Debug|Any CPU
		{7A20F5A2-B521-49CC-B4D1-E99774775030}.Release|Any CPU.ActiveCfg = Release|Any CPU
		{7A20F5A2-B521-49CC-B4D1-E99774775030}.Release|Any CPU.Build.0 = Release|Any CPU
		{439CAAE8-37D0-4CEC-B3F7-DE69BA9D6DD4}.Debug|Any CPU.ActiveCfg = Debug|Any CPU
		{439CAAE8-37D0-4CEC-B3F7-DE69BA9D6DD4}.Debug|Any CPU.Build.0 = Debug|Any CPU
		{439CAAE8-37D0-4CEC-B3F7-DE69BA9D6DD4}.Release|Any CPU.ActiveCfg = Release|Any CPU
		{439CAAE8-37D0-4CEC-B3F7-DE69BA9D6DD4}.Release|Any CPU.Build.0 = Release|Any CPU
		{4BE5AF64-09C5-4F01-A932-593B585811F8}.Debug|Any CPU.ActiveCfg = Debug|Any CPU
		{4BE5AF64-09C5-4F01-A932-593B585811F8}.Debug|Any CPU.Build.0 = Debug|Any CPU
		{4BE5AF64-09C5-4F01-A932-593B585811F8}.Release|Any CPU.ActiveCfg = Release|Any CPU
		{4BE5AF64-09C5-4F01-A932-593B585811F8}.Release|Any CPU.Build.0 = Release|Any CPU
		{DCC9FC0B-B648-4D88-A7F0-3F02E949480F}.Debug|Any CPU.ActiveCfg = Debug|Any CPU
		{DCC9FC0B-B648-4D88-A7F0-3F02E949480F}.Debug|Any CPU.Build.0 = Debug|Any CPU
		{DCC9FC0B-B648-4D88-A7F0-3F02E949480F}.Release|Any CPU.ActiveCfg = Release|Any CPU
		{DCC9FC0B-B648-4D88-A7F0-3F02E949480F}.Release|Any CPU.Build.0 = Release|Any CPU
		{A028BC08-801D-4DF9-8A44-0C7B179A92B3}.Debug|Any CPU.ActiveCfg = Debug|Any CPU
		{A028BC08-801D-4DF9-8A44-0C7B179A92B3}.Debug|Any CPU.Build.0 = Debug|Any CPU
		{A028BC08-801D-4DF9-8A44-0C7B179A92B3}.Release|Any CPU.ActiveCfg = Release|Any CPU
		{A028BC08-801D-4DF9-8A44-0C7B179A92B3}.Release|Any CPU.Build.0 = Release|Any CPU
		{30589A82-A4B1-47BC-9A66-A955FD773C5E}.Debug|Any CPU.ActiveCfg = Debug|Any CPU
		{30589A82-A4B1-47BC-9A66-A955FD773C5E}.Debug|Any CPU.Build.0 = Debug|Any CPU
		{30589A82-A4B1-47BC-9A66-A955FD773C5E}.Release|Any CPU.ActiveCfg = Release|Any CPU
		{30589A82-A4B1-47BC-9A66-A955FD773C5E}.Release|Any CPU.Build.0 = Release|Any CPU
	EndGlobalSection
	GlobalSection(SolutionProperties) = preSolution
		HideSolutionNode = FALSE
	EndGlobalSection
	GlobalSection(ExtensibilityGlobals) = postSolution
		SolutionGuid = {CD8B219D-F6BD-4CB2-9B6C-35024E679D63}
	EndGlobalSection
EndGlobal
